// !$*UTF8*$!
{
	archiveVersion = 1;
	classes = {
	};
	objectVersion = 46;
	objects = {

/* Begin PBXBuildFile section */
		458069B41E6CAA9800ABF51A /* main.m in Sources */ = {isa = PBXBuildFile; fileRef = 458069B31E6CAA9800ABF51A /* main.m */; };
		458069B71E6CAA9800ABF51A /* AppDelegate.m in Sources */ = {isa = PBXBuildFile; fileRef = 458069B61E6CAA9800ABF51A /* AppDelegate.m */; };
		458069BA1E6CAA9800ABF51A /* ViewController.m in Sources */ = {isa = PBXBuildFile; fileRef = 458069B91E6CAA9800ABF51A /* ViewController.m */; };
		458069BD1E6CAA9800ABF51A /* Main.storyboard in Resources */ = {isa = PBXBuildFile; fileRef = 458069BB1E6CAA9800ABF51A /* Main.storyboard */; };
		458069BF1E6CAA9800ABF51A /* Assets.xcassets in Resources */ = {isa = PBXBuildFile; fileRef = 458069BE1E6CAA9800ABF51A /* Assets.xcassets */; };
		458069C21E6CAA9800ABF51A /* LaunchScreen.storyboard in Resources */ = {isa = PBXBuildFile; fileRef = 458069C01E6CAA9800ABF51A /* LaunchScreen.storyboard */; };
		458069CD1E6CAA9800ABF51A /* DeviceTest2Tests.m in Sources */ = {isa = PBXBuildFile; fileRef = 458069CC1E6CAA9800ABF51A /* DeviceTest2Tests.m */; };
		458069D81E6CAA9800ABF51A /* DeviceTest2UITests.m in Sources */ = {isa = PBXBuildFile; fileRef = 458069D71E6CAA9800ABF51A /* DeviceTest2UITests.m */; };
		458069E71E6CAB8500ABF51A /* OBTSDK.framework in Frameworks */ = {isa = PBXBuildFile; fileRef = 458069E61E6CAB8500ABF51A /* OBTSDK.framework */; };
/* End PBXBuildFile section */

/* Begin PBXContainerItemProxy section */
		458069C91E6CAA9800ABF51A /* PBXContainerItemProxy */ = {
			isa = PBXContainerItemProxy;
			containerPortal = 458069A71E6CAA9800ABF51A /* Project object */;
			proxyType = 1;
			remoteGlobalIDString = 458069AE1E6CAA9800ABF51A;
			remoteInfo = DeviceTest2;
		};
		458069D41E6CAA9800ABF51A /* PBXContainerItemProxy */ = {
			isa = PBXContainerItemProxy;
			containerPortal = 458069A71E6CAA9800ABF51A /* Project object */;
			proxyType = 1;
			remoteGlobalIDString = 458069AE1E6CAA9800ABF51A;
			remoteInfo = DeviceTest2;
		};
/* End PBXContainerItemProxy section */

/* Begin PBXFileReference section */
		458069AF1E6CAA9800ABF51A /* DeviceTest2.app */ = {isa = PBXFileReference; explicitFileType = wrapper.application; includeInIndex = 0; path = DeviceTest2.app; sourceTree = BUILT_PRODUCTS_DIR; };
		458069B31E6CAA9800ABF51A /* main.m */ = {isa = PBXFileReference; lastKnownFileType = sourcecode.c.objc; path = main.m; sourceTree = "<group>"; };
		458069B51E6CAA9800ABF51A /* AppDelegate.h */ = {isa = PBXFileReference; lastKnownFileType = sourcecode.c.h; path = AppDelegate.h; sourceTree = "<group>"; };
		458069B61E6CAA9800ABF51A /* AppDelegate.m */ = {isa = PBXFileReference; lastKnownFileType = sourcecode.c.objc; path = AppDelegate.m; sourceTree = "<group>"; };
		458069B81E6CAA9800ABF51A /* ViewController.h */ = {isa = PBXFileReference; lastKnownFileType = sourcecode.c.h; path = ViewController.h; sourceTree = "<group>"; };
		458069B91E6CAA9800ABF51A /* ViewController.m */ = {isa = PBXFileReference; lastKnownFileType = sourcecode.c.objc; path = ViewController.m; sourceTree = "<group>"; };
		458069BC1E6CAA9800ABF51A /* Base */ = {isa = PBXFileReference; lastKnownFileType = file.storyboard; name = Base; path = Base.lproj/Main.storyboard; sourceTree = "<group>"; };
		458069BE1E6CAA9800ABF51A /* Assets.xcassets */ = {isa = PBXFileReference; lastKnownFileType = folder.assetcatalog; path = Assets.xcassets; sourceTree = "<group>"; };
		458069C11E6CAA9800ABF51A /* Base */ = {isa = PBXFileReference; lastKnownFileType = file.storyboard; name = Base; path = Base.lproj/LaunchScreen.storyboard; sourceTree = "<group>"; };
		458069C31E6CAA9800ABF51A /* Info.plist */ = {isa = PBXFileReference; lastKnownFileType = text.plist.xml; path = Info.plist; sourceTree = "<group>"; };
		458069C81E6CAA9800ABF51A /* DeviceTest2Tests.xctest */ = {isa = PBXFileReference; explicitFileType = wrapper.cfbundle; includeInIndex = 0; path = DeviceTest2Tests.xctest; sourceTree = BUILT_PRODUCTS_DIR; };
		458069CC1E6CAA9800ABF51A /* DeviceTest2Tests.m */ = {isa = PBXFileReference; lastKnownFileType = sourcecode.c.objc; path = DeviceTest2Tests.m; sourceTree = "<group>"; };
		458069CE1E6CAA9800ABF51A /* Info.plist */ = {isa = PBXFileReference; lastKnownFileType = text.plist.xml; path = Info.plist; sourceTree = "<group>"; };
		458069D31E6CAA9800ABF51A /* DeviceTest2UITests.xctest */ = {isa = PBXFileReference; explicitFileType = wrapper.cfbundle; includeInIndex = 0; path = DeviceTest2UITests.xctest; sourceTree = BUILT_PRODUCTS_DIR; };
		458069D71E6CAA9800ABF51A /* DeviceTest2UITests.m */ = {isa = PBXFileReference; lastKnownFileType = sourcecode.c.objc; path = DeviceTest2UITests.m; sourceTree = "<group>"; };
		458069D91E6CAA9800ABF51A /* Info.plist */ = {isa = PBXFileReference; lastKnownFileType = text.plist.xml; path = Info.plist; sourceTree = "<group>"; };
		458069E61E6CAB8500ABF51A /* OBTSDK.framework */ = {isa = PBXFileReference; lastKnownFileType = wrapper.framework; name = OBTSDK.framework; path = "../../../../sdk/OralB_SDK/ios-sdk/OBTSDK.framework"; sourceTree = "<group>"; };
/* End PBXFileReference section */

/* Begin PBXFrameworksBuildPhase section */
		458069AC1E6CAA9800ABF51A /* Frameworks */ = {
			isa = PBXFrameworksBuildPhase;
			buildActionMask = 2147483647;
			files = (
				458069E71E6CAB8500ABF51A /* OBTSDK.framework in Frameworks */,
			);
			runOnlyForDeploymentPostprocessing = 0;
		};
		458069C51E6CAA9800ABF51A /* Frameworks */ = {
			isa = PBXFrameworksBuildPhase;
			buildActionMask = 2147483647;
			files = (
			);
			runOnlyForDeploymentPostprocessing = 0;
		};
		458069D01E6CAA9800ABF51A /* Frameworks */ = {
			isa = PBXFrameworksBuildPhase;
			buildActionMask = 2147483647;
			files = (
			);
			runOnlyForDeploymentPostprocessing = 0;
		};
/* End PBXFrameworksBuildPhase section */

/* Begin PBXGroup section */
		458069A61E6CAA9800ABF51A = {
			isa = PBXGroup;
			children = (
				458069B11E6CAA9800ABF51A /* DeviceTest2 */,
				458069CB1E6CAA9800ABF51A /* DeviceTest2Tests */,
				458069D61E6CAA9800ABF51A /* DeviceTest2UITests */,
				458069B01E6CAA9800ABF51A /* Products */,
				458069E51E6CAB8500ABF51A /* Frameworks */,
			);
			sourceTree = "<group>";
		};
		458069B01E6CAA9800ABF51A /* Products */ = {
			isa = PBXGroup;
			children = (
				458069AF1E6CAA9800ABF51A /* DeviceTest2.app */,
				458069C81E6CAA9800ABF51A /* DeviceTest2Tests.xctest */,
				458069D31E6CAA9800ABF51A /* DeviceTest2UITests.xctest */,
			);
			name = Products;
			sourceTree = "<group>";
		};
		458069B11E6CAA9800ABF51A /* DeviceTest2 */ = {
			isa = PBXGroup;
			children = (
				458069B51E6CAA9800ABF51A /* AppDelegate.h */,
				458069B61E6CAA9800ABF51A /* AppDelegate.m */,
				458069B81E6CAA9800ABF51A /* ViewController.h */,
				458069B91E6CAA9800ABF51A /* ViewController.m */,
				458069BB1E6CAA9800ABF51A /* Main.storyboard */,
				458069BE1E6CAA9800ABF51A /* Assets.xcassets */,
				458069C01E6CAA9800ABF51A /* LaunchScreen.storyboard */,
				458069C31E6CAA9800ABF51A /* Info.plist */,
				458069B21E6CAA9800ABF51A /* Supporting Files */,
			);
			path = DeviceTest2;
			sourceTree = "<group>";
		};
		458069B21E6CAA9800ABF51A /* Supporting Files */ = {
			isa = PBXGroup;
			children = (
				458069B31E6CAA9800ABF51A /* main.m */,
			);
			name = "Supporting Files";
			sourceTree = "<group>";
		};
		458069CB1E6CAA9800ABF51A /* DeviceTest2Tests */ = {
			isa = PBXGroup;
			children = (
				458069CC1E6CAA9800ABF51A /* DeviceTest2Tests.m */,
				458069CE1E6CAA9800ABF51A /* Info.plist */,
			);
			path = DeviceTest2Tests;
			sourceTree = "<group>";
		};
		458069D61E6CAA9800ABF51A /* DeviceTest2UITests */ = {
			isa = PBXGroup;
			children = (
				458069D71E6CAA9800ABF51A /* DeviceTest2UITests.m */,
				458069D91E6CAA9800ABF51A /* Info.plist */,
			);
			path = DeviceTest2UITests;
			sourceTree = "<group>";
		};
		458069E51E6CAB8500ABF51A /* Frameworks */ = {
			isa = PBXGroup;
			children = (
				458069E61E6CAB8500ABF51A /* OBTSDK.framework */,
			);
			name = Frameworks;
			sourceTree = "<group>";
		};
/* End PBXGroup section */

/* Begin PBXNativeTarget section */
		458069AE1E6CAA9800ABF51A /* DeviceTest2 */ = {
			isa = PBXNativeTarget;
			buildConfigurationList = 458069DC1E6CAA9800ABF51A /* Build configuration list for PBXNativeTarget "DeviceTest2" */;
			buildPhases = (
				458069AB1E6CAA9800ABF51A /* Sources */,
				458069AC1E6CAA9800ABF51A /* Frameworks */,
				458069AD1E6CAA9800ABF51A /* Resources */,
			);
			buildRules = (
			);
			dependencies = (
			);
			name = DeviceTest2;
			productName = DeviceTest2;
			productReference = 458069AF1E6CAA9800ABF51A /* DeviceTest2.app */;
			productType = "com.apple.product-type.application";
		};
		458069C71E6CAA9800ABF51A /* DeviceTest2Tests */ = {
			isa = PBXNativeTarget;
			buildConfigurationList = 458069DF1E6CAA9800ABF51A /* Build configuration list for PBXNativeTarget "DeviceTest2Tests" */;
			buildPhases = (
				458069C41E6CAA9800ABF51A /* Sources */,
				458069C51E6CAA9800ABF51A /* Frameworks */,
				458069C61E6CAA9800ABF51A /* Resources */,
			);
			buildRules = (
			);
			dependencies = (
				458069CA1E6CAA9800ABF51A /* PBXTargetDependency */,
			);
			name = DeviceTest2Tests;
			productName = DeviceTest2Tests;
			productReference = 458069C81E6CAA9800ABF51A /* DeviceTest2Tests.xctest */;
			productType = "com.apple.product-type.bundle.unit-test";
		};
		458069D21E6CAA9800ABF51A /* DeviceTest2UITests */ = {
			isa = PBXNativeTarget;
			buildConfigurationList = 458069E21E6CAA9800ABF51A /* Build configuration list for PBXNativeTarget "DeviceTest2UITests" */;
			buildPhases = (
				458069CF1E6CAA9800ABF51A /* Sources */,
				458069D01E6CAA9800ABF51A /* Frameworks */,
				458069D11E6CAA9800ABF51A /* Resources */,
			);
			buildRules = (
			);
			dependencies = (
				458069D51E6CAA9800ABF51A /* PBXTargetDependency */,
			);
			name = DeviceTest2UITests;
			productName = DeviceTest2UITests;
			productReference = 458069D31E6CAA9800ABF51A /* DeviceTest2UITests.xctest */;
			productType = "com.apple.product-type.bundle.ui-testing";
		};
/* End PBXNativeTarget section */

/* Begin PBXProject section */
		458069A71E6CAA9800ABF51A /* Project object */ = {
			isa = PBXProject;
			attributes = {
				LastUpgradeCheck = 0820;
				ORGANIZATIONNAME = "hiroshi matoba";
				TargetAttributes = {
					458069AE1E6CAA9800ABF51A = {
						CreatedOnToolsVersion = 8.2.1;
						DevelopmentTeam = WW8R7K6P9Q;
						ProvisioningStyle = Automatic;
					};
					458069C71E6CAA9800ABF51A = {
						CreatedOnToolsVersion = 8.2.1;
						DevelopmentTeam = WW8R7K6P9Q;
						ProvisioningStyle = Automatic;
						TestTargetID = 458069AE1E6CAA9800ABF51A;
					};
					458069D21E6CAA9800ABF51A = {
						CreatedOnToolsVersion = 8.2.1;
						DevelopmentTeam = WW8R7K6P9Q;
						ProvisioningStyle = Automatic;
						TestTargetID = 458069AE1E6CAA9800ABF51A;
					};
				};
			};
			buildConfigurationList = 458069AA1E6CAA9800ABF51A /* Build configuration list for PBXProject "DeviceTest2" */;
			compatibilityVersion = "Xcode 3.2";
			developmentRegion = English;
			hasScannedForEncodings = 0;
			knownRegions = (
				en,
				Base,
			);
			mainGroup = 458069A61E6CAA9800ABF51A;
			productRefGroup = 458069B01E6CAA9800ABF51A /* Products */;
			projectDirPath = "";
			projectRoot = "";
			targets = (
				458069AE1E6CAA9800ABF51A /* DeviceTest2 */,
				458069C71E6CAA9800ABF51A /* DeviceTest2Tests */,
				458069D21E6CAA9800ABF51A /* DeviceTest2UITests */,
			);
		};
/* End PBXProject section */

/* Begin PBXResourcesBuildPhase section */
		458069AD1E6CAA9800ABF51A /* Resources */ = {
			isa = PBXResourcesBuildPhase;
			buildActionMask = 2147483647;
			files = (
				458069C21E6CAA9800ABF51A /* LaunchScreen.storyboard in Resources */,
				458069BF1E6CAA9800ABF51A /* Assets.xcassets in Resources */,
				458069BD1E6CAA9800ABF51A /* Main.storyboard in Resources */,
			);
			runOnlyForDeploymentPostprocessing = 0;
		};
		458069C61E6CAA9800ABF51A /* Resources */ = {
			isa = PBXResourcesBuildPhase;
			buildActionMask = 2147483647;
			files = (
			);
			runOnlyForDeploymentPostprocessing = 0;
		};
		458069D11E6CAA9800ABF51A /* Resources */ = {
			isa = PBXResourcesBuildPhase;
			buildActionMask = 2147483647;
			files = (
			);
			runOnlyForDeploymentPostprocessing = 0;
		};
/* End PBXResourcesBuildPhase section */

/* Begin PBXSourcesBuildPhase section */
		458069AB1E6CAA9800ABF51A /* Sources */ = {
			isa = PBXSourcesBuildPhase;
			buildActionMask = 2147483647;
			files = (
				458069BA1E6CAA9800ABF51A /* ViewController.m in Sources */,
				458069B71E6CAA9800ABF51A /* AppDelegate.m in Sources */,
				458069B41E6CAA9800ABF51A /* main.m in Sources */,
			);
			runOnlyForDeploymentPostprocessing = 0;
		};
		458069C41E6CAA9800ABF51A /* Sources */ = {
			isa = PBXSourcesBuildPhase;
			buildActionMask = 2147483647;
			files = (
				458069CD1E6CAA9800ABF51A /* DeviceTest2Tests.m in Sources */,
			);
			runOnlyForDeploymentPostprocessing = 0;
		};
		458069CF1E6CAA9800ABF51A /* Sources */ = {
			isa = PBXSourcesBuildPhase;
			buildActionMask = 2147483647;
			files = (
				458069D81E6CAA9800ABF51A /* DeviceTest2UITests.m in Sources */,
			);
			runOnlyForDeploymentPostprocessing = 0;
		};
/* End PBXSourcesBuildPhase section */

/* Begin PBXTargetDependency section */
		458069CA1E6CAA9800ABF51A /* PBXTargetDependency */ = {
			isa = PBXTargetDependency;
			target = 458069AE1E6CAA9800ABF51A /* DeviceTest2 */;
			targetProxy = 458069C91E6CAA9800ABF51A /* PBXContainerItemProxy */;
		};
		458069D51E6CAA9800ABF51A /* PBXTargetDependency */ = {
			isa = PBXTargetDependency;
			target = 458069AE1E6CAA9800ABF51A /* DeviceTest2 */;
			targetProxy = 458069D41E6CAA9800ABF51A /* PBXContainerItemProxy */;
		};
/* End PBXTargetDependency section */

/* Begin PBXVariantGroup section */
		458069BB1E6CAA9800ABF51A /* Main.storyboard */ = {
			isa = PBXVariantGroup;
			children = (
				458069BC1E6CAA9800ABF51A /* Base */,
			);
			name = Main.storyboard;
			sourceTree = "<group>";
		};
		458069C01E6CAA9800ABF51A /* LaunchScreen.storyboard */ = {
			isa = PBXVariantGroup;
			children = (
				458069C11E6CAA9800ABF51A /* Base */,
			);
			name = LaunchScreen.storyboard;
			sourceTree = "<group>";
		};
/* End PBXVariantGroup section */

/* Begin XCBuildConfiguration section */
		458069DA1E6CAA9800ABF51A /* Debug */ = {
			isa = XCBuildConfiguration;
			buildSettings = {
				ALWAYS_SEARCH_USER_PATHS = NO;
				CLANG_ANALYZER_NONNULL = YES;
				CLANG_CXX_LANGUAGE_STANDARD = "gnu++0x";
				CLANG_CXX_LIBRARY = "libc++";
				CLANG_ENABLE_MODULES = YES;
				CLANG_ENABLE_OBJC_ARC = YES;
				CLANG_WARN_BOOL_CONVERSION = YES;
				CLANG_WARN_CONSTANT_CONVERSION = YES;
				CLANG_WARN_DIRECT_OBJC_ISA_USAGE = YES_ERROR;
				CLANG_WARN_DOCUMENTATION_COMMENTS = YES;
				CLANG_WARN_EMPTY_BODY = YES;
				CLANG_WARN_ENUM_CONVERSION = YES;
				CLANG_WARN_INFINITE_RECURSION = YES;
				CLANG_WARN_INT_CONVERSION = YES;
				CLANG_WARN_OBJC_ROOT_CLASS = YES_ERROR;
				CLANG_WARN_SUSPICIOUS_MOVE = YES;
				CLANG_WARN_UNREACHABLE_CODE = YES;
				CLANG_WARN__DUPLICATE_METHOD_MATCH = YES;
				"CODE_SIGN_IDENTITY[sdk=iphoneos*]" = "iPhone Developer";
				COPY_PHASE_STRIP = NO;
				DEBUG_INFORMATION_FORMAT = dwarf;
				ENABLE_STRICT_OBJC_MSGSEND = YES;
				ENABLE_TESTABILITY = YES;
				FRAMEWORK_SEARCH_PATHS = "../../../../sdk/OralB_SDK/ios-sdk";
				GCC_C_LANGUAGE_STANDARD = gnu99;
				GCC_DYNAMIC_NO_PIC = NO;
				GCC_NO_COMMON_BLOCKS = YES;
				GCC_OPTIMIZATION_LEVEL = 0;
				GCC_PREPROCESSOR_DEFINITIONS = (
					"DEBUG=1",
					"$(inherited)",
				);
				GCC_WARN_64_TO_32_BIT_CONVERSION = YES;
				GCC_WARN_ABOUT_RETURN_TYPE = YES_ERROR;
				GCC_WARN_UNDECLARED_SELECTOR = YES;
				GCC_WARN_UNINITIALIZED_AUTOS = YES_AGGRESSIVE;
				GCC_WARN_UNUSED_FUNCTION = YES;
				GCC_WARN_UNUSED_VARIABLE = YES;
				IPHONEOS_DEPLOYMENT_TARGET = 10.2;
				MTL_ENABLE_DEBUG_INFO = YES;
				ONLY_ACTIVE_ARCH = YES;
				SDKROOT = iphoneos;
				TARGETED_DEVICE_FAMILY = "1,2";
			};
			name = Debug;
		};
		458069DB1E6CAA9800ABF51A /* Release */ = {
			isa = XCBuildConfiguration;
			buildSettings = {
				ALWAYS_SEARCH_USER_PATHS = NO;
				CLANG_ANALYZER_NONNULL = YES;
				CLANG_CXX_LANGUAGE_STANDARD = "gnu++0x";
				CLANG_CXX_LIBRARY = "libc++";
				CLANG_ENABLE_MODULES = YES;
				CLANG_ENABLE_OBJC_ARC = YES;
				CLANG_WARN_BOOL_CONVERSION = YES;
				CLANG_WARN_CONSTANT_CONVERSION = YES;
				CLANG_WARN_DIRECT_OBJC_ISA_USAGE = YES_ERROR;
				CLANG_WARN_DOCUMENTATION_COMMENTS = YES;
				CLANG_WARN_EMPTY_BODY = YES;
				CLANG_WARN_ENUM_CONVERSION = YES;
				CLANG_WARN_INFINITE_RECURSION = YES;
				CLANG_WARN_INT_CONVERSION = YES;
				CLANG_WARN_OBJC_ROOT_CLASS = YES_ERROR;
				CLANG_WARN_SUSPICIOUS_MOVE = YES;
				CLANG_WARN_UNREACHABLE_CODE = YES;
				CLANG_WARN__DUPLICATE_METHOD_MATCH = YES;
				"CODE_SIGN_IDENTITY[sdk=iphoneos*]" = "iPhone Developer";
				COPY_PHASE_STRIP = NO;
				DEBUG_INFORMATION_FORMAT = "dwarf-with-dsym";
				ENABLE_NS_ASSERTIONS = NO;
				ENABLE_STRICT_OBJC_MSGSEND = YES;
				FRAMEWORK_SEARCH_PATHS = "../../../../sdk/OralB_SDK/ios-sdk";
				GCC_C_LANGUAGE_STANDARD = gnu99;
				GCC_NO_COMMON_BLOCKS = YES;
				GCC_WARN_64_TO_32_BIT_CONVERSION = YES;
				GCC_WARN_ABOUT_RETURN_TYPE = YES_ERROR;
				GCC_WARN_UNDECLARED_SELECTOR = YES;
				GCC_WARN_UNINITIALIZED_AUTOS = YES_AGGRESSIVE;
				GCC_WARN_UNUSED_FUNCTION = YES;
				GCC_WARN_UNUSED_VARIABLE = YES;
				IPHONEOS_DEPLOYMENT_TARGET = 10.2;
				MTL_ENABLE_DEBUG_INFO = NO;
				SDKROOT = iphoneos;
				TARGETED_DEVICE_FAMILY = "1,2";
				VALIDATE_PRODUCT = YES;
			};
			name = Release;
		};
		458069DD1E6CAA9800ABF51A /* Debug */ = {
			isa = XCBuildConfiguration;
			buildSettings = {
				ASSETCATALOG_COMPILER_APPICON_NAME = AppIcon;
				DEVELOPMENT_TEAM = WW8R7K6P9Q;
				INFOPLIST_FILE = DeviceTest2/Info.plist;
				LD_RUNPATH_SEARCH_PATHS = "$(inherited) @executable_path/Frameworks";
				PRODUCT_BUNDLE_IDENTIFIER = net.dominofactory.DeviceTestSimple;
				PRODUCT_NAME = "$(TARGET_NAME)";
			};
			name = Debug;
		};
		458069DE1E6CAA9800ABF51A /* Release */ = {
			isa = XCBuildConfiguration;
			buildSettings = {
				ASSETCATALOG_COMPILER_APPICON_NAME = AppIcon;
				DEVELOPMENT_TEAM = WW8R7K6P9Q;
				INFOPLIST_FILE = DeviceTest2/Info.plist;
				LD_RUNPATH_SEARCH_PATHS = "$(inherited) @executable_path/Frameworks";
				PRODUCT_BUNDLE_IDENTIFIER = net.dominofactory.DeviceTestSimple;
				PRODUCT_NAME = "$(TARGET_NAME)";
			};
			name = Release;
		};
		458069E01E6CAA9800ABF51A /* Debug */ = {
			isa = XCBuildConfiguration;
			buildSettings = {
				BUNDLE_LOADER = "$(TEST_HOST)";
				DEVELOPMENT_TEAM = WW8R7K6P9Q;
				INFOPLIST_FILE = DeviceTest2Tests/Info.plist;
				LD_RUNPATH_SEARCH_PATHS = "$(inherited) @executable_path/Frameworks @loader_path/Frameworks";
				PRODUCT_BUNDLE_IDENTIFIER = net.dominofactory.DeviceTest2Tests;
				PRODUCT_NAME = "$(TARGET_NAME)";
				TEST_HOST = "$(BUILT_PRODUCTS_DIR)/DeviceTest2.app/DeviceTest2";
			};
			name = Debug;
		};
		458069E11E6CAA9800ABF51A /* Release */ = {
			isa = XCBuildConfiguration;
			buildSettings = {
				BUNDLE_LOADER = "$(TEST_HOST)";
				DEVELOPMENT_TEAM = WW8R7K6P9Q;
				INFOPLIST_FILE = DeviceTest2Tests/Info.plist;
				LD_RUNPATH_SEARCH_PATHS = "$(inherited) @executable_path/Frameworks @loader_path/Frameworks";
				PRODUCT_BUNDLE_IDENTIFIER = net.dominofactory.DeviceTest2Tests;
				PRODUCT_NAME = "$(TARGET_NAME)";
				TEST_HOST = "$(BUILT_PRODUCTS_DIR)/DeviceTest2.app/DeviceTest2";
			};
			name = Release;
		};
		458069E31E6CAA9800ABF51A /* Debug */ = {
			isa = XCBuildConfiguration;
			buildSettings = {
				DEVELOPMENT_TEAM = WW8R7K6P9Q;
				INFOPLIST_FILE = DeviceTest2UITests/Info.plist;
				LD_RUNPATH_SEARCH_PATHS = "$(inherited) @executable_path/Frameworks @loader_path/Frameworks";
				PRODUCT_BUNDLE_IDENTIFIER = net.dominofactory.DeviceTest2UITests;
				PRODUCT_NAME = "$(TARGET_NAME)";
				TEST_TARGET_NAME = DeviceTest2;
			};
			name = Debug;
		};
		458069E41E6CAA9800ABF51A /* Release */ = {
			isa = XCBuildConfiguration;
			buildSettings = {
				DEVELOPMENT_TEAM = WW8R7K6P9Q;
				INFOPLIST_FILE = DeviceTest2UITests/Info.plist;
				LD_RUNPATH_SEARCH_PATHS = "$(inherited) @executable_path/Frameworks @loader_path/Frameworks";
				PRODUCT_BUNDLE_IDENTIFIER = net.dominofactory.DeviceTest2UITests;
				PRODUCT_NAME = "$(TARGET_NAME)";
				TEST_TARGET_NAME = DeviceTest2;
			};
			name = Release;
		};
/* End XCBuildConfiguration section */

/* Begin XCConfigurationList section */
		458069AA1E6CAA9800ABF51A /* Build configuration list for PBXProject "DeviceTest2" */ = {
			isa = XCConfigurationList;
			buildConfigurations = (
				458069DA1E6CAA9800ABF51A /* Debug */,
				458069DB1E6CAA9800ABF51A /* Release */,
			);
			defaultConfigurationIsVisible = 0;
			defaultConfigurationName = Release;
		};
		458069DC1E6CAA9800ABF51A /* Build configuration list for PBXNativeTarget "DeviceTest2" */ = {
			isa = XCConfigurationList;
			buildConfigurations = (
				458069DD1E6CAA9800ABF51A /* Debug */,
				458069DE1E6CAA9800ABF51A /* Release */,
			);
			defaultConfigurationIsVisible = 0;
		};
		458069DF1E6CAA9800ABF51A /* Build configuration list for PBXNativeTarget "DeviceTest2Tests" */ = {
			isa = XCConfigurationList;
			buildConfigurations = (
				458069E01E6CAA9800ABF51A /* Debug */,
				458069E11E6CAA9800ABF51A /* Release */,
			);
			defaultConfigurationIsVisible = 0;
		};
		458069E21E6CAA9800ABF51A /* Build configuration list for PBXNativeTarget "DeviceTest2UITests" */ = {
			isa = XCConfigurationList;
			buildConfigurations = (
				458069E31E6CAA9800ABF51A /* Debug */,
				458069E41E6CAA9800ABF51A /* Release */,
			);
			defaultConfigurationIsVisible = 0;
		};
/* End XCConfigurationList section */
	};
	rootObject = 458069A71E6CAA9800ABF51A /* Project object */;
}
